
Microsoft Visual Studio Solution File, Format Version 12.00
# Visual Studio 15
Project("{FAE04EC0-301F-11D3-BF4B-00C04F79EFBC}") = "Domain", "Domain\Domain.csproj", "{233E241F-EEBC-4BD3-9DE8-48452C870D10}"
EndProject
Project("{FAE04EC0-301F-11D3-BF4B-00C04F79EFBC}") = "Infrastructure", "Infrastructure\Infrastructure.csproj", "{8EF6944E-A5F1-4DF4-AFD9-CB042EF918F5}"
EndProject
Project("{FAE04EC0-301F-11D3-BF4B-00C04F79EFBC}") = "Test", "Test\Test.csproj", "{C60EF51A-418B-4816-8D40-DEA06058FF3B}"
EndProject
Global
	GlobalSection(SolutionConfigurationPlatforms) = preSolution
		Debug|Any CPU = Debug|Any CPU
		Release|Any CPU = Release|Any CPU
	EndGlobalSection
	GlobalSection(ProjectConfigurationPlatforms) = postSolution
		{233E241F-EEBC-4BD3-9DE8-48452C870D10}.Debug|Any CPU.ActiveCfg = Debug|Any CPU
		{233E241F-EEBC-4BD3-9DE8-48452C870D10}.Debug|Any CPU.Build.0 = Debug|Any CPU
		{233E241F-EEBC-4BD3-9DE8-48452C870D10}.Release|Any CPU.ActiveCfg = Release|Any CPU
		{233E241F-EEBC-4BD3-9DE8-48452C870D10}.Release|Any CPU.Build.0 = Release|Any CPU
		{8EF6944E-A5F1-4DF4-AFD9-CB042EF918F5}.Debug|Any CPU.ActiveCfg = Debug|Any CPU
		{8EF6944E-A5F1-4DF4-AFD9-CB042EF918F5}.Debug|Any CPU.Build.0 = Debug|Any CPU
		{8EF6944E-A5F1-4DF4-AFD9-CB042EF918F5}.Release|Any CPU.ActiveCfg = Release|Any CPU
		{8EF6944E-A5F1-4DF4-AFD9-CB042EF918F5}.Release|Any CPU.Build.0 = Release|Any CPU
		{C60EF51A-418B-4816-8D40-DEA06058FF3B}.Debug|Any CPU.ActiveCfg = Debug|Any CPU
		{C60EF51A-418B-4816-8D40-DEA06058FF3B}.Debug|Any CPU.Build.0 = Debug|Any CPU
		{C60EF51A-418B-4816-8D40-DEA06058FF3B}.Release|Any CPU.ActiveCfg = Release|Any CPU
		{C60EF51A-418B-4816-8D40-DEA06058FF3B}.Release|Any CPU.Build.0 = Release|Any CPU
	EndGlobalSection
EndGlobal
